PODS:
  - DynamicBlurView (4.1.0)
  - Localize-Swift (3.2.0):
    - Localize-Swift/LocalizeSwiftCore (= 3.2.0)
    - Localize-Swift/UIKit (= 3.2.0)
  - Localize-Swift/LocalizeSwiftCore (3.2.0)
  - Localize-Swift/UIKit (3.2.0):
    - Localize-Swift/LocalizeSwiftCore
  - MBProgressHUD (1.2.0)
  - PopupDialog (1.1.1):
    - DynamicBlurView (~> 4.0)
  - SwiftEntryKit (2.0.0)
  - XYZHUD (3.0.5):
    - Localize-Swift
    - MBProgressHUD
    - SwiftEntryKit

DEPENDENCIES:
  - Localize-Swift
  - PopupDialog
  - XYZHUD

SPEC REPOS:
  trunk:
    - DynamicBlurView
    - Localize-Swift
    - MBProgressHUD
    - PopupDialog
    - SwiftEntryKit
    - XYZHUD

SPEC CHECKSUMS:
  DynamicBlurView: 58e18fae80bb614e34681a4486870e7d257b62e8
  Localize-Swift: 6f4475136bdb0d7b2882ea3d4ea919d70142b232
  MBProgressHUD: 3ee5efcc380f6a79a7cc9b363dd669c5e1ae7406
  PopupDialog: 720c92befd8bc23c13442254945213db5612f149
  SwiftEntryKit: 61b5fa36f34a97dd8013e48a7345bc4c4720be9a
  XYZHUD: 3d2c7a7ef7b5fc087f8ab2c8fcc1177300a28531

PODFILE CHECKSUM: de87a27ca7f74d0b16986158b39d2aed66dc0f01

COCOAPODS: 1.11.2
