PODS:
  - AsyncSwift (2.0.4)
  - DynamicBlurView (3.0.1)
  - Localize-Swift (2.0.0)
  - MBProgressHUD (1.1.0)
  - PopupDialog (0.9.2):
    - DynamicBlurView (~> 3.0.1)
  - SoHow (1.3.6):
    - MBProgressHUD
  - XYZColor (0.2.5)
  - XYZHUD (0.0.6):
    - AsyncSwift
    - Localize-Swift
    - MBProgressHUD
    - SoHow
    - XYZColor
  - XYZResponse (0.0.1)

DEPENDENCIES:
  - AsyncSwift
  - Localize-Swift
  - PopupDialog
  - SoHow
  - XYZColor
  - XYZHUD
  - XYZResponse

SPEC REPOS:
  https://github.com/cocoapods/specs.git:
    - AsyncSwift
    - DynamicBlurView
    - Localize-Swift
    - MBProgressHUD
    - PopupDialog
    - SoHow
    - XYZColor
    - XYZHUD
    - XYZResponse

SPEC CHECKSUMS:
  AsyncSwift: 65775a7b32e740609b24969ece3de58723b9dc3e
  DynamicBlurView: b1df5415f9bd31897549e5d7077e5ec120a4d636
  Localize-Swift: c798ec9286494866f7068f85f7c71283ac5bdab4
  MBProgressHUD: e7baa36a220447d8aeb12769bf0585582f3866d9
  PopupDialog: f4bb461bf70ff422be0b56656566424ee9273080
  SoHow: 1cfedda0fe5a2582b9d2305d4cc4676ac60a3e4d
  XYZColor: bed62343df6ee78ac7805094f9d5afa2c74b11bc
  XYZHUD: 6aa7978a47fbf4339fbf8cb9389a3c67775e7295
  XYZResponse: dce6ee3dfbfd1f7487886cb6aa9486ab6216f31e

PODFILE CHECKSUM: 1502560237c4699b7c94cc07d1aedbc7da9c17ef

COCOAPODS: 1.6.1
