PODS:
  - AsyncSwift (2.0.4)
  - DynamicBlurView (3.0.1)
  - Localize-Swift (2.0.0)
  - MBProgressHUD (1.1.0)
  - PopupDialog (1.1.0):
    - DynamicBlurView (~> 3.0.1)
  - SoHow (2.0.4):
    - MBProgressHUD
  - XYZColor (1.0.0)
  - XYZHUD (1.0.1):
    - AsyncSwift
    - Localize-Swift
    - MBProgressHUD
    - SoHow
    - XYZColor
  - XYZResponse (1.0.0)

DEPENDENCIES:
  - AsyncSwift
  - Localize-Swift
  - PopupDialog
  - SoHow
  - XYZColor
  - XYZHUD
  - XYZResponse

SPEC REPOS:
  https://github.com/cocoapods/specs.git:
    - AsyncSwift
    - DynamicBlurView
    - Localize-Swift
    - MBProgressHUD
    - PopupDialog
    - SoHow
    - XYZColor
    - XYZHUD
    - XYZResponse

SPEC CHECKSUMS:
  AsyncSwift: 65775a7b32e740609b24969ece3de58723b9dc3e
  DynamicBlurView: b1df5415f9bd31897549e5d7077e5ec120a4d636
  Localize-Swift: c798ec9286494866f7068f85f7c71283ac5bdab4
  MBProgressHUD: e7baa36a220447d8aeb12769bf0585582f3866d9
  PopupDialog: 42fb7a0bc4fafdf89fef8b5b2b127a6023f3e1cc
  SoHow: 501a31ffaa143f730be6d412f98e168038b54fa4
  XYZColor: 45dbb907ad2ab586fb296db0931201bae40fdc0e
  XYZHUD: 2831cdebd77573cfaa16f48dc9916e9946923672
  XYZResponse: 39c1d381d9a648fc0fcf2ceef9e1c34fa7e2f4ed

PODFILE CHECKSUM: 1502560237c4699b7c94cc07d1aedbc7da9c17ef

COCOAPODS: 1.7.0.beta.3
