// !$*UTF8*$!
{
	archiveVersion = 1;
	classes = {
	};
	objectVersion = 51;
	objects = {

/* Begin PBXBuildFile section */
		D60000C422F7DC1600E7828A /* MoreDefine_Extension.swift in Sources */ = {isa = PBXBuildFile; fileRef = D60000C322F7DC1600E7828A /* MoreDefine_Extension.swift */; };
		D60000C622F7DEB200E7828A /* SelfHUD_Extension.swift in Sources */ = {isa = PBXBuildFile; fileRef = D60000C522F7DEB200E7828A /* SelfHUD_Extension.swift */; };
		D60000C822F7DFB100E7828A /* XYZEmail_Extension.swift in Sources */ = {isa = PBXBuildFile; fileRef = D60000C722F7DFB100E7828A /* XYZEmail_Extension.swift */; };
		D60000CA22F7E09C00E7828A /* XYZSocialOpen.swift in Sources */ = {isa = PBXBuildFile; fileRef = D60000C922F7E09C00E7828A /* XYZSocialOpen.swift */; };
		D60000CC22F7E20400E7828A /* XYZAppStore.swift in Sources */ = {isa = PBXBuildFile; fileRef = D60000CB22F7E20400E7828A /* XYZAppStore.swift */; };
		D60000CE22F7EEDB00E7828A /* FeedBackEnum.swift in Sources */ = {isa = PBXBuildFile; fileRef = D60000CD22F7EEDB00E7828A /* FeedBackEnum.swift */; };
		D63E5F0A2292E77900F56A77 /* ContactUSObjcet.swift in Sources */ = {isa = PBXBuildFile; fileRef = D63E5F072292E77900F56A77 /* ContactUSObjcet.swift */; };
		D63E5F0B2292E77900F56A77 /* MoreApp.swift in Sources */ = {isa = PBXBuildFile; fileRef = D63E5F082292E77900F56A77 /* MoreApp.swift */; };
		D67BC14C22450EE4009CD7CD /* LICENSE in Resources */ = {isa = PBXBuildFile; fileRef = D67BC14922450EE3009CD7CD /* LICENSE */; };
		D67BC14D22450EE4009CD7CD /* XYZFBAndMore.podspec in Resources */ = {isa = PBXBuildFile; fileRef = D67BC14A22450EE3009CD7CD /* XYZFBAndMore.podspec */; };
		D67BC14E22450EE4009CD7CD /* README.md in Resources */ = {isa = PBXBuildFile; fileRef = D67BC14B22450EE4009CD7CD /* README.md */; };
		D6E22C702244A15B006BC591 /* AppDelegate.swift in Sources */ = {isa = PBXBuildFile; fileRef = D6E22C6F2244A15B006BC591 /* AppDelegate.swift */; };
		D6E22C722244A15B006BC591 /* ViewController.swift in Sources */ = {isa = PBXBuildFile; fileRef = D6E22C712244A15B006BC591 /* ViewController.swift */; };
		D6E22C752244A15B006BC591 /* Main.storyboard in Resources */ = {isa = PBXBuildFile; fileRef = D6E22C732244A15B006BC591 /* Main.storyboard */; };
		D6E22C772244A15C006BC591 /* Assets.xcassets in Resources */ = {isa = PBXBuildFile; fileRef = D6E22C762244A15C006BC591 /* Assets.xcassets */; };
		D6E22C7A2244A15C006BC591 /* LaunchScreen.storyboard in Resources */ = {isa = PBXBuildFile; fileRef = D6E22C782244A15C006BC591 /* LaunchScreen.storyboard */; };
		F60E0C04217E1DFEDA9F3468 /* Pods_XYZFBAndMore.framework in Frameworks */ = {isa = PBXBuildFile; fileRef = 58FC4FEFEC7E2F51FA2DA5BB /* Pods_XYZFBAndMore.framework */; };
/* End PBXBuildFile section */

/* Begin PBXFileReference section */
		58FC4FEFEC7E2F51FA2DA5BB /* Pods_XYZFBAndMore.framework */ = {isa = PBXFileReference; explicitFileType = wrapper.framework; includeInIndex = 0; path = Pods_XYZFBAndMore.framework; sourceTree = BUILT_PRODUCTS_DIR; };
		D3123571881C4EB877895512 /* Pods-XYZFBAndMore.release.xcconfig */ = {isa = PBXFileReference; includeInIndex = 1; lastKnownFileType = text.xcconfig; name = "Pods-XYZFBAndMore.release.xcconfig"; path = "Target Support Files/Pods-XYZFBAndMore/Pods-XYZFBAndMore.release.xcconfig"; sourceTree = "<group>"; };
		D60000C322F7DC1600E7828A /* MoreDefine_Extension.swift */ = {isa = PBXFileReference; lastKnownFileType = sourcecode.swift; path = MoreDefine_Extension.swift; sourceTree = "<group>"; };
		D60000C522F7DEB200E7828A /* SelfHUD_Extension.swift */ = {isa = PBXFileReference; lastKnownFileType = sourcecode.swift; path = SelfHUD_Extension.swift; sourceTree = "<group>"; };
		D60000C722F7DFB100E7828A /* XYZEmail_Extension.swift */ = {isa = PBXFileReference; lastKnownFileType = sourcecode.swift; path = XYZEmail_Extension.swift; sourceTree = "<group>"; };
		D60000C922F7E09C00E7828A /* XYZSocialOpen.swift */ = {isa = PBXFileReference; lastKnownFileType = sourcecode.swift; path = XYZSocialOpen.swift; sourceTree = "<group>"; };
		D60000CB22F7E20400E7828A /* XYZAppStore.swift */ = {isa = PBXFileReference; lastKnownFileType = sourcecode.swift; path = XYZAppStore.swift; sourceTree = "<group>"; };
		D60000CD22F7EEDB00E7828A /* FeedBackEnum.swift */ = {isa = PBXFileReference; lastKnownFileType = sourcecode.swift; path = FeedBackEnum.swift; sourceTree = "<group>"; };
		D63E5F072292E77900F56A77 /* ContactUSObjcet.swift */ = {isa = PBXFileReference; fileEncoding = 4; lastKnownFileType = sourcecode.swift; path = ContactUSObjcet.swift; sourceTree = "<group>"; };
		D63E5F082292E77900F56A77 /* MoreApp.swift */ = {isa = PBXFileReference; fileEncoding = 4; lastKnownFileType = sourcecode.swift; path = MoreApp.swift; sourceTree = "<group>"; };
		D67BC14922450EE3009CD7CD /* LICENSE */ = {isa = PBXFileReference; fileEncoding = 4; lastKnownFileType = text; path = LICENSE; sourceTree = "<group>"; };
		D67BC14A22450EE3009CD7CD /* XYZFBAndMore.podspec */ = {isa = PBXFileReference; fileEncoding = 4; lastKnownFileType = text; path = XYZFBAndMore.podspec; sourceTree = "<group>"; };
		D67BC14B22450EE4009CD7CD /* README.md */ = {isa = PBXFileReference; fileEncoding = 4; lastKnownFileType = net.daringfireball.markdown; path = README.md; sourceTree = "<group>"; };
		D6E22C6C2244A15B006BC591 /* XYZFBAndMore.app */ = {isa = PBXFileReference; explicitFileType = wrapper.application; includeInIndex = 0; path = XYZFBAndMore.app; sourceTree = BUILT_PRODUCTS_DIR; };
		D6E22C6F2244A15B006BC591 /* AppDelegate.swift */ = {isa = PBXFileReference; lastKnownFileType = sourcecode.swift; path = AppDelegate.swift; sourceTree = "<group>"; };
		D6E22C712244A15B006BC591 /* ViewController.swift */ = {isa = PBXFileReference; lastKnownFileType = sourcecode.swift; path = ViewController.swift; sourceTree = "<group>"; };
		D6E22C742244A15B006BC591 /* Base */ = {isa = PBXFileReference; lastKnownFileType = file.storyboard; name = Base; path = Base.lproj/Main.storyboard; sourceTree = "<group>"; };
		D6E22C762244A15C006BC591 /* Assets.xcassets */ = {isa = PBXFileReference; lastKnownFileType = folder.assetcatalog; path = Assets.xcassets; sourceTree = "<group>"; };
		D6E22C792244A15C006BC591 /* Base */ = {isa = PBXFileReference; lastKnownFileType = file.storyboard; name = Base; path = Base.lproj/LaunchScreen.storyboard; sourceTree = "<group>"; };
		D6E22C7B2244A15C006BC591 /* Info.plist */ = {isa = PBXFileReference; lastKnownFileType = text.plist.xml; path = Info.plist; sourceTree = "<group>"; };
		F9040EC7EDC39AC166DEABEE /* Pods-XYZFBAndMore.debug.xcconfig */ = {isa = PBXFileReference; includeInIndex = 1; lastKnownFileType = text.xcconfig; name = "Pods-XYZFBAndMore.debug.xcconfig"; path = "Target Support Files/Pods-XYZFBAndMore/Pods-XYZFBAndMore.debug.xcconfig"; sourceTree = "<group>"; };
/* End PBXFileReference section */

/* Begin PBXFrameworksBuildPhase section */
		D6E22C692244A15B006BC591 /* Frameworks */ = {
			isa = PBXFrameworksBuildPhase;
			buildActionMask = 2147483647;
			files = (
				F60E0C04217E1DFEDA9F3468 /* Pods_XYZFBAndMore.framework in Frameworks */,
			);
			runOnlyForDeploymentPostprocessing = 0;
		};
/* End PBXFrameworksBuildPhase section */

/* Begin PBXGroup section */
		15845AB2296D8DD490CBD2F5 /* Pods */ = {
			isa = PBXGroup;
			children = (
				F9040EC7EDC39AC166DEABEE /* Pods-XYZFBAndMore.debug.xcconfig */,
				D3123571881C4EB877895512 /* Pods-XYZFBAndMore.release.xcconfig */,
			);
			path = Pods;
			sourceTree = "<group>";
		};
		3421C508395E2FB33D15D433 /* Frameworks */ = {
			isa = PBXGroup;
			children = (
				58FC4FEFEC7E2F51FA2DA5BB /* Pods_XYZFBAndMore.framework */,
			);
			name = Frameworks;
			sourceTree = "<group>";
		};
		D676BA432292A42F007A2800 /* Source */ = {
			isa = PBXGroup;
			children = (
				D63E5F072292E77900F56A77 /* ContactUSObjcet.swift */,
				D63E5F082292E77900F56A77 /* MoreApp.swift */,
				D60000C522F7DEB200E7828A /* SelfHUD_Extension.swift */,
				D60000C722F7DFB100E7828A /* XYZEmail_Extension.swift */,
				D60000C922F7E09C00E7828A /* XYZSocialOpen.swift */,
				D60000CB22F7E20400E7828A /* XYZAppStore.swift */,
				D60000C322F7DC1600E7828A /* MoreDefine_Extension.swift */,
				D60000CD22F7EEDB00E7828A /* FeedBackEnum.swift */,
			);
			path = Source;
			sourceTree = "<group>";
		};
		D6E22C632244A15B006BC591 = {
			isa = PBXGroup;
			children = (
				D67BC14B22450EE4009CD7CD /* README.md */,
				D67BC14922450EE3009CD7CD /* LICENSE */,
				D67BC14A22450EE3009CD7CD /* XYZFBAndMore.podspec */,
				D6E22C6E2244A15B006BC591 /* XYZFBAndMore */,
				D6E22C6D2244A15B006BC591 /* Products */,
				15845AB2296D8DD490CBD2F5 /* Pods */,
				3421C508395E2FB33D15D433 /* Frameworks */,
			);
			sourceTree = "<group>";
		};
		D6E22C6D2244A15B006BC591 /* Products */ = {
			isa = PBXGroup;
			children = (
				D6E22C6C2244A15B006BC591 /* XYZFBAndMore.app */,
			);
			name = Products;
			sourceTree = "<group>";
		};
		D6E22C6E2244A15B006BC591 /* XYZFBAndMore */ = {
			isa = PBXGroup;
			children = (
				D676BA432292A42F007A2800 /* Source */,
				D6E22C6F2244A15B006BC591 /* AppDelegate.swift */,
				D6E22C712244A15B006BC591 /* ViewController.swift */,
				D6E22C732244A15B006BC591 /* Main.storyboard */,
				D6E22C762244A15C006BC591 /* Assets.xcassets */,
				D6E22C782244A15C006BC591 /* LaunchScreen.storyboard */,
				D6E22C7B2244A15C006BC591 /* Info.plist */,
			);
			path = XYZFBAndMore;
			sourceTree = "<group>";
		};
/* End PBXGroup section */

/* Begin PBXNativeTarget section */
		D6E22C6B2244A15B006BC591 /* XYZFBAndMore */ = {
			isa = PBXNativeTarget;
			buildConfigurationList = D6E22C7E2244A15C006BC591 /* Build configuration list for PBXNativeTarget "XYZFBAndMore" */;
			buildPhases = (
				8D0C26133A8A5A47665A92DC /* [CP] Check Pods Manifest.lock */,
				D6E22C682244A15B006BC591 /* Sources */,
				D6E22C692244A15B006BC591 /* Frameworks */,
				D6E22C6A2244A15B006BC591 /* Resources */,
				EB48522F525F79BEE7B23EC3 /* [CP] Embed Pods Frameworks */,
			);
			buildRules = (
			);
			dependencies = (
			);
			name = XYZFBAndMore;
			productName = XYZFBAndMore;
			productReference = D6E22C6C2244A15B006BC591 /* XYZFBAndMore.app */;
			productType = "com.apple.product-type.application";
		};
/* End PBXNativeTarget section */

/* Begin PBXProject section */
		D6E22C642244A15B006BC591 /* Project object */ = {
			isa = PBXProject;
			attributes = {
				LastSwiftUpdateCheck = 1010;
				LastUpgradeCheck = 1010;
				ORGANIZATIONNAME = "张子豪";
				TargetAttributes = {
					D6E22C6B2244A15B006BC591 = {
						CreatedOnToolsVersion = 10.1;
					};
				};
			};
			buildConfigurationList = D6E22C672244A15B006BC591 /* Build configuration list for PBXProject "XYZFBAndMore" */;
			compatibilityVersion = "Xcode 9.3";
			developmentRegion = en;
			hasScannedForEncodings = 0;
			knownRegions = (
				en,
				Base,
			);
			mainGroup = D6E22C632244A15B006BC591;
			productRefGroup = D6E22C6D2244A15B006BC591 /* Products */;
			projectDirPath = "";
			projectRoot = "";
			targets = (
				D6E22C6B2244A15B006BC591 /* XYZFBAndMore */,
			);
		};
/* End PBXProject section */

/* Begin PBXResourcesBuildPhase section */
		D6E22C6A2244A15B006BC591 /* Resources */ = {
			isa = PBXResourcesBuildPhase;
			buildActionMask = 2147483647;
			files = (
				D6E22C7A2244A15C006BC591 /* LaunchScreen.storyboard in Resources */,
				D6E22C772244A15C006BC591 /* Assets.xcassets in Resources */,
				D67BC14E22450EE4009CD7CD /* README.md in Resources */,
				D67BC14C22450EE4009CD7CD /* LICENSE in Resources */,
				D6E22C752244A15B006BC591 /* Main.storyboard in Resources */,
				D67BC14D22450EE4009CD7CD /* XYZFBAndMore.podspec in Resources */,
			);
			runOnlyForDeploymentPostprocessing = 0;
		};
/* End PBXResourcesBuildPhase section */

/* Begin PBXShellScriptBuildPhase section */
		8D0C26133A8A5A47665A92DC /* [CP] Check Pods Manifest.lock */ = {
			isa = PBXShellScriptBuildPhase;
			buildActionMask = 2147483647;
			files = (
			);
			inputFileListPaths = (
			);
			inputPaths = (
				"${PODS_PODFILE_DIR_PATH}/Podfile.lock",
				"${PODS_ROOT}/Manifest.lock",
			);
			name = "[CP] Check Pods Manifest.lock";
			outputFileListPaths = (
			);
			outputPaths = (
				"$(DERIVED_FILE_DIR)/Pods-XYZFBAndMore-checkManifestLockResult.txt",
			);
			runOnlyForDeploymentPostprocessing = 0;
			shellPath = /bin/sh;
			shellScript = "diff \"${PODS_PODFILE_DIR_PATH}/Podfile.lock\" \"${PODS_ROOT}/Manifest.lock\" > /dev/null\nif [ $? != 0 ] ; then\n    # print error to STDERR\n    echo \"error: The sandbox is not in sync with the Podfile.lock. Run 'pod install' or update your CocoaPods installation.\" >&2\n    exit 1\nfi\n# This output is used by Xcode 'outputs' to avoid re-running this script phase.\necho \"SUCCESS\" > \"${SCRIPT_OUTPUT_FILE_0}\"\n";
			showEnvVarsInLog = 0;
		};
		EB48522F525F79BEE7B23EC3 /* [CP] Embed Pods Frameworks */ = {
			isa = PBXShellScriptBuildPhase;
			buildActionMask = 2147483647;
			files = (
			);
			inputFileListPaths = (
				"${PODS_ROOT}/Target Support Files/Pods-XYZFBAndMore/Pods-XYZFBAndMore-frameworks-${CONFIGURATION}-input-files.xcfilelist",
			);
			name = "[CP] Embed Pods Frameworks";
			outputFileListPaths = (
				"${PODS_ROOT}/Target Support Files/Pods-XYZFBAndMore/Pods-XYZFBAndMore-frameworks-${CONFIGURATION}-output-files.xcfilelist",
			);
			runOnlyForDeploymentPostprocessing = 0;
			shellPath = /bin/sh;
			shellScript = "\"${PODS_ROOT}/Target Support Files/Pods-XYZFBAndMore/Pods-XYZFBAndMore-frameworks.sh\"\n";
			showEnvVarsInLog = 0;
		};
/* End PBXShellScriptBuildPhase section */

/* Begin PBXSourcesBuildPhase section */
		D6E22C682244A15B006BC591 /* Sources */ = {
			isa = PBXSourcesBuildPhase;
			buildActionMask = 2147483647;
			files = (
				D63E5F0B2292E77900F56A77 /* MoreApp.swift in Sources */,
				D60000C422F7DC1600E7828A /* MoreDefine_Extension.swift in Sources */,
				D60000CC22F7E20400E7828A /* XYZAppStore.swift in Sources */,
				D63E5F0A2292E77900F56A77 /* ContactUSObjcet.swift in Sources */,
				D6E22C722244A15B006BC591 /* ViewController.swift in Sources */,
				D6E22C702244A15B006BC591 /* AppDelegate.swift in Sources */,
				D60000C622F7DEB200E7828A /* SelfHUD_Extension.swift in Sources */,
				D60000CE22F7EEDB00E7828A /* FeedBackEnum.swift in Sources */,
				D60000CA22F7E09C00E7828A /* XYZSocialOpen.swift in Sources */,
				D60000C822F7DFB100E7828A /* XYZEmail_Extension.swift in Sources */,
			);
			runOnlyForDeploymentPostprocessing = 0;
		};
/* End PBXSourcesBuildPhase section */

/* Begin PBXVariantGroup section */
		D6E22C732244A15B006BC591 /* Main.storyboard */ = {
			isa = PBXVariantGroup;
			children = (
				D6E22C742244A15B006BC591 /* Base */,
			);
			name = Main.storyboard;
			sourceTree = "<group>";
		};
		D6E22C782244A15C006BC591 /* LaunchScreen.storyboard */ = {
			isa = PBXVariantGroup;
			children = (
				D6E22C792244A15C006BC591 /* Base */,
			);
			name = LaunchScreen.storyboard;
			sourceTree = "<group>";
		};
/* End PBXVariantGroup section */

/* Begin XCBuildConfiguration section */
		D6E22C7C2244A15C006BC591 /* Debug */ = {
			isa = XCBuildConfiguration;
			buildSettings = {
				ALWAYS_SEARCH_USER_PATHS = NO;
				CLANG_ANALYZER_NONNULL = YES;
				CLANG_ANALYZER_NUMBER_OBJECT_CONVERSION = YES_AGGRESSIVE;
				CLANG_CXX_LANGUAGE_STANDARD = "gnu++14";
				CLANG_CXX_LIBRARY = "libc++";
				CLANG_ENABLE_MODULES = YES;
				CLANG_ENABLE_OBJC_ARC = YES;
				CLANG_ENABLE_OBJC_WEAK = YES;
				CLANG_WARN_BLOCK_CAPTURE_AUTORELEASING = YES;
				CLANG_WARN_BOOL_CONVERSION = YES;
				CLANG_WARN_COMMA = YES;
				CLANG_WARN_CONSTANT_CONVERSION = YES;
				CLANG_WARN_DEPRECATED_OBJC_IMPLEMENTATIONS = YES;
				CLANG_WARN_DIRECT_OBJC_ISA_USAGE = YES_ERROR;
				CLANG_WARN_DOCUMENTATION_COMMENTS = YES;
				CLANG_WARN_EMPTY_BODY = YES;
				CLANG_WARN_ENUM_CONVERSION = YES;
				CLANG_WARN_INFINITE_RECURSION = YES;
				CLANG_WARN_INT_CONVERSION = YES;
				CLANG_WARN_NON_LITERAL_NULL_CONVERSION = YES;
				CLANG_WARN_OBJC_IMPLICIT_RETAIN_SELF = YES;
				CLANG_WARN_OBJC_LITERAL_CONVERSION = YES;
				CLANG_WARN_OBJC_ROOT_CLASS = YES_ERROR;
				CLANG_WARN_RANGE_LOOP_ANALYSIS = YES;
				CLANG_WARN_STRICT_PROTOTYPES = YES;
				CLANG_WARN_SUSPICIOUS_MOVE = YES;
				CLANG_WARN_UNGUARDED_AVAILABILITY = YES_AGGRESSIVE;
				CLANG_WARN_UNREACHABLE_CODE = YES;
				CLANG_WARN__DUPLICATE_METHOD_MATCH = YES;
				CODE_SIGN_IDENTITY = "iPhone Developer";
				COPY_PHASE_STRIP = NO;
				DEBUG_INFORMATION_FORMAT = dwarf;
				ENABLE_STRICT_OBJC_MSGSEND = YES;
				ENABLE_TESTABILITY = YES;
				GCC_C_LANGUAGE_STANDARD = gnu11;
				GCC_DYNAMIC_NO_PIC = NO;
				GCC_NO_COMMON_BLOCKS = YES;
				GCC_OPTIMIZATION_LEVEL = 0;
				GCC_PREPROCESSOR_DEFINITIONS = (
					"DEBUG=1",
					"$(inherited)",
				);
				GCC_WARN_64_TO_32_BIT_CONVERSION = YES;
				GCC_WARN_ABOUT_RETURN_TYPE = YES_ERROR;
				GCC_WARN_UNDECLARED_SELECTOR = YES;
				GCC_WARN_UNINITIALIZED_AUTOS = YES_AGGRESSIVE;
				GCC_WARN_UNUSED_FUNCTION = YES;
				GCC_WARN_UNUSED_VARIABLE = YES;
				IPHONEOS_DEPLOYMENT_TARGET = 12.1;
				MTL_ENABLE_DEBUG_INFO = INCLUDE_SOURCE;
				MTL_FAST_MATH = YES;
				ONLY_ACTIVE_ARCH = YES;
				SDKROOT = iphoneos;
				SWIFT_ACTIVE_COMPILATION_CONDITIONS = DEBUG;
				SWIFT_OPTIMIZATION_LEVEL = "-Onone";
			};
			name = Debug;
		};
		D6E22C7D2244A15C006BC591 /* Release */ = {
			isa = XCBuildConfiguration;
			buildSettings = {
				ALWAYS_SEARCH_USER_PATHS = NO;
				CLANG_ANALYZER_NONNULL = YES;
				CLANG_ANALYZER_NUMBER_OBJECT_CONVERSION = YES_AGGRESSIVE;
				CLANG_CXX_LANGUAGE_STANDARD = "gnu++14";
				CLANG_CXX_LIBRARY = "libc++";
				CLANG_ENABLE_MODULES = YES;
				CLANG_ENABLE_OBJC_ARC = YES;
				CLANG_ENABLE_OBJC_WEAK = YES;
				CLANG_WARN_BLOCK_CAPTURE_AUTORELEASING = YES;
				CLANG_WARN_BOOL_CONVERSION = YES;
				CLANG_WARN_COMMA = YES;
				CLANG_WARN_CONSTANT_CONVERSION = YES;
				CLANG_WARN_DEPRECATED_OBJC_IMPLEMENTATIONS = YES;
				CLANG_WARN_DIRECT_OBJC_ISA_USAGE = YES_ERROR;
				CLANG_WARN_DOCUMENTATION_COMMENTS = YES;
				CLANG_WARN_EMPTY_BODY = YES;
				CLANG_WARN_ENUM_CONVERSION = YES;
				CLANG_WARN_INFINITE_RECURSION = YES;
				CLANG_WARN_INT_CONVERSION = YES;
				CLANG_WARN_NON_LITERAL_NULL_CONVERSION = YES;
				CLANG_WARN_OBJC_IMPLICIT_RETAIN_SELF = YES;
				CLANG_WARN_OBJC_LITERAL_CONVERSION = YES;
				CLANG_WARN_OBJC_ROOT_CLASS = YES_ERROR;
				CLANG_WARN_RANGE_LOOP_ANALYSIS = YES;
				CLANG_WARN_STRICT_PROTOTYPES = YES;
				CLANG_WARN_SUSPICIOUS_MOVE = YES;
				CLANG_WARN_UNGUARDED_AVAILABILITY = YES_AGGRESSIVE;
				CLANG_WARN_UNREACHABLE_CODE = YES;
				CLANG_WARN__DUPLICATE_METHOD_MATCH = YES;
				CODE_SIGN_IDENTITY = "iPhone Developer";
				COPY_PHASE_STRIP = NO;
				DEBUG_INFORMATION_FORMAT = "dwarf-with-dsym";
				ENABLE_NS_ASSERTIONS = NO;
				ENABLE_STRICT_OBJC_MSGSEND = YES;
				GCC_C_LANGUAGE_STANDARD = gnu11;
				GCC_NO_COMMON_BLOCKS = YES;
				GCC_WARN_64_TO_32_BIT_CONVERSION = YES;
				GCC_WARN_ABOUT_RETURN_TYPE = YES_ERROR;
				GCC_WARN_UNDECLARED_SELECTOR = YES;
				GCC_WARN_UNINITIALIZED_AUTOS = YES_AGGRESSIVE;
				GCC_WARN_UNUSED_FUNCTION = YES;
				GCC_WARN_UNUSED_VARIABLE = YES;
				IPHONEOS_DEPLOYMENT_TARGET = 12.1;
				MTL_ENABLE_DEBUG_INFO = NO;
				MTL_FAST_MATH = YES;
				SDKROOT = iphoneos;
				SWIFT_COMPILATION_MODE = wholemodule;
				SWIFT_OPTIMIZATION_LEVEL = "-O";
				VALIDATE_PRODUCT = YES;
			};
			name = Release;
		};
		D6E22C7F2244A15C006BC591 /* Debug */ = {
			isa = XCBuildConfiguration;
			baseConfigurationReference = F9040EC7EDC39AC166DEABEE /* Pods-XYZFBAndMore.debug.xcconfig */;
			buildSettings = {
				ASSETCATALOG_COMPILER_APPICON_NAME = AppIcon;
				CODE_SIGN_STYLE = Automatic;
				DEVELOPMENT_TEAM = E5VG453CHM;
				INFOPLIST_FILE = XYZFBAndMore/Info.plist;
				IPHONEOS_DEPLOYMENT_TARGET = 11.0;
				LD_RUNPATH_SEARCH_PATHS = (
					"$(inherited)",
					"@executable_path/Frameworks",
				);
				PRODUCT_BUNDLE_IDENTIFIER = com.zhangqian.XYZFBAndMore;
				PRODUCT_NAME = "$(TARGET_NAME)";
				SWIFT_VERSION = 5.0;
				TARGETED_DEVICE_FAMILY = "1,2";
			};
			name = Debug;
		};
		D6E22C802244A15C006BC591 /* Release */ = {
			isa = XCBuildConfiguration;
			baseConfigurationReference = D3123571881C4EB877895512 /* Pods-XYZFBAndMore.release.xcconfig */;
			buildSettings = {
				ASSETCATALOG_COMPILER_APPICON_NAME = AppIcon;
				CODE_SIGN_STYLE = Automatic;
				DEVELOPMENT_TEAM = E5VG453CHM;
				INFOPLIST_FILE = XYZFBAndMore/Info.plist;
				IPHONEOS_DEPLOYMENT_TARGET = 11.0;
				LD_RUNPATH_SEARCH_PATHS = (
					"$(inherited)",
					"@executable_path/Frameworks",
				);
				PRODUCT_BUNDLE_IDENTIFIER = com.zhangqian.XYZFBAndMore;
				PRODUCT_NAME = "$(TARGET_NAME)";
				SWIFT_VERSION = 5.0;
				TARGETED_DEVICE_FAMILY = "1,2";
			};
			name = Release;
		};
/* End XCBuildConfiguration section */

/* Begin XCConfigurationList section */
		D6E22C672244A15B006BC591 /* Build configuration list for PBXProject "XYZFBAndMore" */ = {
			isa = XCConfigurationList;
			buildConfigurations = (
				D6E22C7C2244A15C006BC591 /* Debug */,
				D6E22C7D2244A15C006BC591 /* Release */,
			);
			defaultConfigurationIsVisible = 0;
			defaultConfigurationName = Release;
		};
		D6E22C7E2244A15C006BC591 /* Build configuration list for PBXNativeTarget "XYZFBAndMore" */ = {
			isa = XCConfigurationList;
			buildConfigurations = (
				D6E22C7F2244A15C006BC591 /* Debug */,
				D6E22C802244A15C006BC591 /* Release */,
			);
			defaultConfigurationIsVisible = 0;
			defaultConfigurationName = Release;
		};
/* End XCConfigurationList section */
	};
	rootObject = D6E22C642244A15B006BC591 /* Project object */;
}
